// !$*UTF8*$!
{
	archiveVersion = 1;
	classes = {
	};
	objectVersion = 50;
	objects = {

/* Begin PBXBuildFile section */
		0A6D348225453554003160B5 /* DetailViewController.swift in Sources */ = {isa = PBXBuildFile; fileRef = 0A6D348125453554003160B5 /* DetailViewController.swift */; };
		0AD9953E2544CF58006416A1 /* AppDelegate.swift in Sources */ = {isa = PBXBuildFile; fileRef = 0AD9953D2544CF58006416A1 /* AppDelegate.swift */; };
		0AD995402544CF58006416A1 /* SceneDelegate.swift in Sources */ = {isa = PBXBuildFile; fileRef = 0AD9953F2544CF58006416A1 /* SceneDelegate.swift */; };
		0AD995422544CF58006416A1 /* ViewController.swift in Sources */ = {isa = PBXBuildFile; fileRef = 0AD995412544CF58006416A1 /* ViewController.swift */; };
		0AD995452544CF58006416A1 /* Main.storyboard in Resources */ = {isa = PBXBuildFile; fileRef = 0AD995432544CF58006416A1 /* Main.storyboard */; };
		0AD995472544CF5A006416A1 /* Assets.xcassets in Resources */ = {isa = PBXBuildFile; fileRef = 0AD995462544CF5A006416A1 /* Assets.xcassets */; };
		0AD9954A2544CF5A006416A1 /* LaunchScreen.storyboard in Resources */ = {isa = PBXBuildFile; fileRef = 0AD995482544CF5A006416A1 /* LaunchScreen.storyboard */; };
		0AD995552544CF5A006416A1 /* ContactsTests.swift in Sources */ = {isa = PBXBuildFile; fileRef = 0AD995542544CF5A006416A1 /* ContactsTests.swift */; };
		0AD995602544CF5A006416A1 /* ContactsUITests.swift in Sources */ = {isa = PBXBuildFile; fileRef = 0AD9955F2544CF5A006416A1 /* ContactsUITests.swift */; };
		0AD995722544D4D4006416A1 /* ContactsClass.swift in Sources */ = {isa = PBXBuildFile; fileRef = 0AD995712544D4D4006416A1 /* ContactsClass.swift */; };
		0AE2B6382544E171003EE5EA /* AddContactViewController.swift in Sources */ = {isa = PBXBuildFile; fileRef = 0AE2B6372544E171003EE5EA /* AddContactViewController.swift */; };
		0AE2B6442544E697003EE5EA /* ContactTableViewCell.swift in Sources */ = {isa = PBXBuildFile; fileRef = 0AE2B6422544E697003EE5EA /* ContactTableViewCell.swift */; };
		0AE2B6452544E697003EE5EA /* ContactTableViewCell.xib in Resources */ = {isa = PBXBuildFile; fileRef = 0AE2B6432544E697003EE5EA /* ContactTableViewCell.xib */; };
/* End PBXBuildFile section */

/* Begin PBXContainerItemProxy section */
		0AD995512544CF5A006416A1 /* PBXContainerItemProxy */ = {
			isa = PBXContainerItemProxy;
			containerPortal = 0AD995322544CF58006416A1 /* Project object */;
			proxyType = 1;
			remoteGlobalIDString = 0AD995392544CF58006416A1;
			remoteInfo = Contacts;
		};
		0AD9955C2544CF5A006416A1 /* PBXContainerItemProxy */ = {
			isa = PBXContainerItemProxy;
			containerPortal = 0AD995322544CF58006416A1 /* Project object */;
			proxyType = 1;
			remoteGlobalIDString = 0AD995392544CF58006416A1;
			remoteInfo = Contacts;
		};
/* End PBXContainerItemProxy section */

/* Begin PBXFileReference section */
		0A6D348125453554003160B5 /* DetailViewController.swift */ = {isa = PBXFileReference; lastKnownFileType = sourcecode.swift; path = DetailViewController.swift; sourceTree = "<group>"; };
		0AD9953A2544CF58006416A1 /* Contacts.app */ = {isa = PBXFileReference; explicitFileType = wrapper.application; includeInIndex = 0; path = Contacts.app; sourceTree = BUILT_PRODUCTS_DIR; };
		0AD9953D2544CF58006416A1 /* AppDelegate.swift */ = {isa = PBXFileReference; lastKnownFileType = sourcecode.swift; path = AppDelegate.swift; sourceTree = "<group>"; };
		0AD9953F2544CF58006416A1 /* SceneDelegate.swift */ = {isa = PBXFileReference; lastKnownFileType = sourcecode.swift; path = SceneDelegate.swift; sourceTree = "<group>"; };
		0AD995412544CF58006416A1 /* ViewController.swift */ = {isa = PBXFileReference; lastKnownFileType = sourcecode.swift; path = ViewController.swift; sourceTree = "<group>"; };
		0AD995442544CF58006416A1 /* Base */ = {isa = PBXFileReference; lastKnownFileType = file.storyboard; name = Base; path = Base.lproj/Main.storyboard; sourceTree = "<group>"; };
		0AD995462544CF5A006416A1 /* Assets.xcassets */ = {isa = PBXFileReference; lastKnownFileType = folder.assetcatalog; path = Assets.xcassets; sourceTree = "<group>"; };
		0AD995492544CF5A006416A1 /* Base */ = {isa = PBXFileReference; lastKnownFileType = file.storyboard; name = Base; path = Base.lproj/LaunchScreen.storyboard; sourceTree = "<group>"; };
		0AD9954B2544CF5A006416A1 /* Info.plist */ = {isa = PBXFileReference; lastKnownFileType = text.plist.xml; path = Info.plist; sourceTree = "<group>"; };
		0AD995502544CF5A006416A1 /* ContactsTests.xctest */ = {isa = PBXFileReference; explicitFileType = wrapper.cfbundle; includeInIndex = 0; path = ContactsTests.xctest; sourceTree = BUILT_PRODUCTS_DIR; };
		0AD995542544CF5A006416A1 /* ContactsTests.swift */ = {isa = PBXFileReference; lastKnownFileType = sourcecode.swift; path = ContactsTests.swift; sourceTree = "<group>"; };
		0AD995562544CF5A006416A1 /* Info.plist */ = {isa = PBXFileReference; lastKnownFileType = text.plist.xml; path = Info.plist; sourceTree = "<group>"; };
		0AD9955B2544CF5A006416A1 /* ContactsUITests.xctest */ = {isa = PBXFileReference; explicitFileType = wrapper.cfbundle; includeInIndex = 0; path = ContactsUITests.xctest; sourceTree = BUILT_PRODUCTS_DIR; };
		0AD9955F2544CF5A006416A1 /* ContactsUITests.swift */ = {isa = PBXFileReference; lastKnownFileType = sourcecode.swift; path = ContactsUITests.swift; sourceTree = "<group>"; };
		0AD995612544CF5A006416A1 /* Info.plist */ = {isa = PBXFileReference; lastKnownFileType = text.plist.xml; path = Info.plist; sourceTree = "<group>"; };
		0AD995712544D4D4006416A1 /* ContactsClass.swift */ = {isa = PBXFileReference; lastKnownFileType = sourcecode.swift; path = ContactsClass.swift; sourceTree = "<group>"; };
		0AE2B6372544E171003EE5EA /* AddContactViewController.swift */ = {isa = PBXFileReference; lastKnownFileType = sourcecode.swift; path = AddContactViewController.swift; sourceTree = "<group>"; };
		0AE2B6422544E697003EE5EA /* ContactTableViewCell.swift */ = {isa = PBXFileReference; lastKnownFileType = sourcecode.swift; path = ContactTableViewCell.swift; sourceTree = "<group>"; };
		0AE2B6432544E697003EE5EA /* ContactTableViewCell.xib */ = {isa = PBXFileReference; lastKnownFileType = file.xib; path = ContactTableViewCell.xib; sourceTree = "<group>"; };
/* End PBXFileReference section */

/* Begin PBXFrameworksBuildPhase section */
		0AD995372544CF58006416A1 /* Frameworks */ = {
			isa = PBXFrameworksBuildPhase;
			buildActionMask = 2147483647;
			files = (
			);
			runOnlyForDeploymentPostprocessing = 0;
		};
		0AD9954D2544CF5A006416A1 /* Frameworks */ = {
			isa = PBXFrameworksBuildPhase;
			buildActionMask = 2147483647;
			files = (
			);
			runOnlyForDeploymentPostprocessing = 0;
		};
		0AD995582544CF5A006416A1 /* Frameworks */ = {
			isa = PBXFrameworksBuildPhase;
			buildActionMask = 2147483647;
			files = (
			);
			runOnlyForDeploymentPostprocessing = 0;
		};
/* End PBXFrameworksBuildPhase section */

/* Begin PBXGroup section */
		0AD995312544CF58006416A1 = {
			isa = PBXGroup;
			children = (
				0AD9953C2544CF58006416A1 /* Contacts */,
				0AD995532544CF5A006416A1 /* ContactsTests */,
				0AD9955E2544CF5A006416A1 /* ContactsUITests */,
				0AD9953B2544CF58006416A1 /* Products */,
			);
			sourceTree = "<group>";
		};
		0AD9953B2544CF58006416A1 /* Products */ = {
			isa = PBXGroup;
			children = (
				0AD9953A2544CF58006416A1 /* Contacts.app */,
				0AD995502544CF5A006416A1 /* ContactsTests.xctest */,
				0AD9955B2544CF5A006416A1 /* ContactsUITests.xctest */,
			);
			name = Products;
			sourceTree = "<group>";
		};
		0AD9953C2544CF58006416A1 /* Contacts */ = {
			isa = PBXGroup;
			children = (
				0AD9953D2544CF58006416A1 /* AppDelegate.swift */,
				0AD9953F2544CF58006416A1 /* SceneDelegate.swift */,
				0AD995412544CF58006416A1 /* ViewController.swift */,
				0AD995712544D4D4006416A1 /* ContactsClass.swift */,
				0AD995432544CF58006416A1 /* Main.storyboard */,
				0AE2B6372544E171003EE5EA /* AddContactViewController.swift */,
				0AE2B6422544E697003EE5EA /* ContactTableViewCell.swift */,
				0AE2B6432544E697003EE5EA /* ContactTableViewCell.xib */,
				0AD995462544CF5A006416A1 /* Assets.xcassets */,
				0AD995482544CF5A006416A1 /* LaunchScreen.storyboard */,
				0AD9954B2544CF5A006416A1 /* Info.plist */,
				0A6D348125453554003160B5 /* DetailViewController.swift */,
			);
			path = Contacts;
			sourceTree = "<group>";
		};
		0AD995532544CF5A006416A1 /* ContactsTests */ = {
			isa = PBXGroup;
			children = (
				0AD995542544CF5A006416A1 /* ContactsTests.swift */,
				0AD995562544CF5A006416A1 /* Info.plist */,
			);
			path = ContactsTests;
			sourceTree = "<group>";
		};
		0AD9955E2544CF5A006416A1 /* ContactsUITests */ = {
			isa = PBXGroup;
			children = (
				0AD9955F2544CF5A006416A1 /* ContactsUITests.swift */,
				0AD995612544CF5A006416A1 /* Info.plist */,
			);
			path = ContactsUITests;
			sourceTree = "<group>";
		};
/* End PBXGroup section */

/* Begin PBXNativeTarget section */
		0AD995392544CF58006416A1 /* Contacts */ = {
			isa = PBXNativeTarget;
			buildConfigurationList = 0AD995642544CF5A006416A1 /* Build configuration list for PBXNativeTarget "Contacts" */;
			buildPhases = (
				0AD995362544CF58006416A1 /* Sources */,
				0AD995372544CF58006416A1 /* Frameworks */,
				0AD995382544CF58006416A1 /* Resources */,
			);
			buildRules = (
			);
			dependencies = (
			);
			name = Contacts;
			productName = Contacts;
			productReference = 0AD9953A2544CF58006416A1 /* Contacts.app */;
			productType = "com.apple.product-type.application";
		};
		0AD9954F2544CF5A006416A1 /* ContactsTests */ = {
			isa = PBXNativeTarget;
			buildConfigurationList = 0AD995672544CF5A006416A1 /* Build configuration list for PBXNativeTarget "ContactsTests" */;
			buildPhases = (
				0AD9954C2544CF5A006416A1 /* Sources */,
				0AD9954D2544CF5A006416A1 /* Frameworks */,
				0AD9954E2544CF5A006416A1 /* Resources */,
			);
			buildRules = (
			);
			dependencies = (
				0AD995522544CF5A006416A1 /* PBXTargetDependency */,
			);
			name = ContactsTests;
			productName = ContactsTests;
			productReference = 0AD995502544CF5A006416A1 /* ContactsTests.xctest */;
			productType = "com.apple.product-type.bundle.unit-test";
		};
		0AD9955A2544CF5A006416A1 /* ContactsUITests */ = {
			isa = PBXNativeTarget;
			buildConfigurationList = 0AD9956A2544CF5A006416A1 /* Build configuration list for PBXNativeTarget "ContactsUITests" */;
			buildPhases = (
				0AD995572544CF5A006416A1 /* Sources */,
				0AD995582544CF5A006416A1 /* Frameworks */,
				0AD995592544CF5A006416A1 /* Resources */,
			);
			buildRules = (
			);
			dependencies = (
				0AD9955D2544CF5A006416A1 /* PBXTargetDependency */,
			);
			name = ContactsUITests;
			productName = ContactsUITests;
			productReference = 0AD9955B2544CF5A006416A1 /* ContactsUITests.xctest */;
			productType = "com.apple.product-type.bundle.ui-testing";
		};
/* End PBXNativeTarget section */

/* Begin PBXProject section */
		0AD995322544CF58006416A1 /* Project object */ = {
			isa = PBXProject;
			attributes = {
				LastSwiftUpdateCheck = 1200;
				LastUpgradeCheck = 1200;
				TargetAttributes = {
					0AD995392544CF58006416A1 = {
						CreatedOnToolsVersion = 12.0.1;
					};
					0AD9954F2544CF5A006416A1 = {
						CreatedOnToolsVersion = 12.0.1;
						TestTargetID = 0AD995392544CF58006416A1;
					};
					0AD9955A2544CF5A006416A1 = {
						CreatedOnToolsVersion = 12.0.1;
						TestTargetID = 0AD995392544CF58006416A1;
					};
				};
			};
			buildConfigurationList = 0AD995352544CF58006416A1 /* Build configuration list for PBXProject "Contacts" */;
			compatibilityVersion = "Xcode 9.3";
			developmentRegion = en;
			hasScannedForEncodings = 0;
			knownRegions = (
				en,
				Base,
			);
			mainGroup = 0AD995312544CF58006416A1;
			productRefGroup = 0AD9953B2544CF58006416A1 /* Products */;
			projectDirPath = "";
			projectRoot = "";
			targets = (
				0AD995392544CF58006416A1 /* Contacts */,
				0AD9954F2544CF5A006416A1 /* ContactsTests */,
				0AD9955A2544CF5A006416A1 /* ContactsUITests */,
			);
		};
/* End PBXProject section */

/* Begin PBXResourcesBuildPhase section */
		0AD995382544CF58006416A1 /* Resources */ = {
			isa = PBXResourcesBuildPhase;
			buildActionMask = 2147483647;
			files = (
				0AE2B6452544E697003EE5EA /* ContactTableViewCell.xib in Resources */,
				0AD9954A2544CF5A006416A1 /* LaunchScreen.storyboard in Resources */,
				0AD995472544CF5A006416A1 /* Assets.xcassets in Resources */,
				0AD995452544CF58006416A1 /* Main.storyboard in Resources */,
			);
			runOnlyForDeploymentPostprocessing = 0;
		};
		0AD9954E2544CF5A006416A1 /* Resources */ = {
			isa = PBXResourcesBuildPhase;
			buildActionMask = 2147483647;
			files = (
			);
			runOnlyForDeploymentPostprocessing = 0;
		};
		0AD995592544CF5A006416A1 /* Resources */ = {
			isa = PBXResourcesBuildPhase;
			buildActionMask = 2147483647;
			files = (
			);
			runOnlyForDeploymentPostprocessing = 0;
		};
/* End PBXResourcesBuildPhase section */

/* Begin PBXSourcesBuildPhase section */
		0AD995362544CF58006416A1 /* Sources */ = {
			isa = PBXSourcesBuildPhase;
			buildActionMask = 2147483647;
			files = (
				0AE2B6442544E697003EE5EA /* ContactTableViewCell.swift in Sources */,
				0AD995422544CF58006416A1 /* ViewController.swift in Sources */,
				0AD9953E2544CF58006416A1 /* AppDelegate.swift in Sources */,
				0AE2B6382544E171003EE5EA /* AddContactViewController.swift in Sources */,
				0AD995402544CF58006416A1 /* SceneDelegate.swift in Sources */,
				0AD995722544D4D4006416A1 /* ContactsClass.swift in Sources */,
				0A6D348225453554003160B5 /* DetailViewController.swift in Sources */,
			);
			runOnlyForDeploymentPostprocessing = 0;
		};
		0AD9954C2544CF5A006416A1 /* Sources */ = {
			isa = PBXSourcesBuildPhase;
			buildActionMask = 2147483647;
			files = (
				0AD995552544CF5A006416A1 /* ContactsTests.swift in Sources */,
			);
			runOnlyForDeploymentPostprocessing = 0;
		};
		0AD995572544CF5A006416A1 /* Sources */ = {
			isa = PBXSourcesBuildPhase;
			buildActionMask = 2147483647;
			files = (
				0AD995602544CF5A006416A1 /* ContactsUITests.swift in Sources */,
			);
			runOnlyForDeploymentPostprocessing = 0;
		};
/* End PBXSourcesBuildPhase section */

/* Begin PBXTargetDependency section */
		0AD995522544CF5A006416A1 /* PBXTargetDependency */ = {
			isa = PBXTargetDependency;
			target = 0AD995392544CF58006416A1 /* Contacts */;
			targetProxy = 0AD995512544CF5A006416A1 /* PBXContainerItemProxy */;
		};
		0AD9955D2544CF5A006416A1 /* PBXTargetDependency */ = {
			isa = PBXTargetDependency;
			target = 0AD995392544CF58006416A1 /* Contacts */;
			targetProxy = 0AD9955C2544CF5A006416A1 /* PBXContainerItemProxy */;
		};
/* End PBXTargetDependency section */

/* Begin PBXVariantGroup section */
		0AD995432544CF58006416A1 /* Main.storyboard */ = {
			isa = PBXVariantGroup;
			children = (
				0AD995442544CF58006416A1 /* Base */,
			);
			name = Main.storyboard;
			sourceTree = "<group>";
		};
		0AD995482544CF5A006416A1 /* LaunchScreen.storyboard */ = {
			isa = PBXVariantGroup;
			children = (
				0AD995492544CF5A006416A1 /* Base */,
			);
			name = LaunchScreen.storyboard;
			sourceTree = "<group>";
		};
/* End PBXVariantGroup section */

/* Begin XCBuildConfiguration section */
		0AD995622544CF5A006416A1 /* Debug */ = {
			isa = XCBuildConfiguration;
			buildSettings = {
				ALWAYS_SEARCH_USER_PATHS = NO;
				CLANG_ANALYZER_NONNULL = YES;
				CLANG_ANALYZER_NUMBER_OBJECT_CONVERSION = YES_AGGRESSIVE;
				CLANG_CXX_LANGUAGE_STANDARD = "gnu++14";
				CLANG_CXX_LIBRARY = "libc++";
				CLANG_ENABLE_MODULES = YES;
				CLANG_ENABLE_OBJC_ARC = YES;
				CLANG_ENABLE_OBJC_WEAK = YES;
				CLANG_WARN_BLOCK_CAPTURE_AUTORELEASING = YES;
				CLANG_WARN_BOOL_CONVERSION = YES;
				CLANG_WARN_COMMA = YES;
				CLANG_WARN_CONSTANT_CONVERSION = YES;
				CLANG_WARN_DEPRECATED_OBJC_IMPLEMENTATIONS = YES;
				CLANG_WARN_DIRECT_OBJC_ISA_USAGE = YES_ERROR;
				CLANG_WARN_DOCUMENTATION_COMMENTS = YES;
				CLANG_WARN_EMPTY_BODY = YES;
				CLANG_WARN_ENUM_CONVERSION = YES;
				CLANG_WARN_INFINITE_RECURSION = YES;
				CLANG_WARN_INT_CONVERSION = YES;
				CLANG_WARN_NON_LITERAL_NULL_CONVERSION = YES;
				CLANG_WARN_OBJC_IMPLICIT_RETAIN_SELF = YES;
				CLANG_WARN_OBJC_LITERAL_CONVERSION = YES;
				CLANG_WARN_OBJC_ROOT_CLASS = YES_ERROR;
				CLANG_WARN_QUOTED_INCLUDE_IN_FRAMEWORK_HEADER = YES;
				CLANG_WARN_RANGE_LOOP_ANALYSIS = YES;
				CLANG_WARN_STRICT_PROTOTYPES = YES;
				CLANG_WARN_SUSPICIOUS_MOVE = YES;
				CLANG_WARN_UNGUARDED_AVAILABILITY = YES_AGGRESSIVE;
				CLANG_WARN_UNREACHABLE_CODE = YES;
				CLANG_WARN__DUPLICATE_METHOD_MATCH = YES;
				COPY_PHASE_STRIP = NO;
				DEBUG_INFORMATION_FORMAT = dwarf;
				ENABLE_STRICT_OBJC_MSGSEND = YES;
				ENABLE_TESTABILITY = YES;
				GCC_C_LANGUAGE_STANDARD = gnu11;
				GCC_DYNAMIC_NO_PIC = NO;
				GCC_NO_COMMON_BLOCKS = YES;
				GCC_OPTIMIZATION_LEVEL = 0;
				GCC_PREPROCESSOR_DEFINITIONS = (
					"DEBUG=1",
					"$(inherited)",
				);
				GCC_WARN_64_TO_32_BIT_CONVERSION = YES;
				GCC_WARN_ABOUT_RETURN_TYPE = YES_ERROR;
				GCC_WARN_UNDECLARED_SELECTOR = YES;
				GCC_WARN_UNINITIALIZED_AUTOS = YES_AGGRESSIVE;
				GCC_WARN_UNUSED_FUNCTION = YES;
				GCC_WARN_UNUSED_VARIABLE = YES;
				IPHONEOS_DEPLOYMENT_TARGET = 14.0;
				MTL_ENABLE_DEBUG_INFO = INCLUDE_SOURCE;
				MTL_FAST_MATH = YES;
				ONLY_ACTIVE_ARCH = YES;
				SDKROOT = iphoneos;
				SWIFT_ACTIVE_COMPILATION_CONDITIONS = DEBUG;
				SWIFT_OPTIMIZATION_LEVEL = "-Onone";
			};
			name = Debug;
		};
		0AD995632544CF5A006416A1 /* Release */ = {
			isa = XCBuildConfiguration;
			buildSettings = {
				ALWAYS_SEARCH_USER_PATHS = NO;
				CLANG_ANALYZER_NONNULL = YES;
				CLANG_ANALYZER_NUMBER_OBJECT_CONVERSION = YES_AGGRESSIVE;
				CLANG_CXX_LANGUAGE_STANDARD = "gnu++14";
				CLANG_CXX_LIBRARY = "libc++";
				CLANG_ENABLE_MODULES = YES;
				CLANG_ENABLE_OBJC_ARC = YES;
				CLANG_ENABLE_OBJC_WEAK = YES;
				CLANG_WARN_BLOCK_CAPTURE_AUTORELEASING = YES;
				CLANG_WARN_BOOL_CONVERSION = YES;
				CLANG_WARN_COMMA = YES;
				CLANG_WARN_CONSTANT_CONVERSION = YES;
				CLANG_WARN_DEPRECATED_OBJC_IMPLEMENTATIONS = YES;
				CLANG_WARN_DIRECT_OBJC_ISA_USAGE = YES_ERROR;
				CLANG_WARN_DOCUMENTATION_COMMENTS = YES;
				CLANG_WARN_EMPTY_BODY = YES;
				CLANG_WARN_ENUM_CONVERSION = YES;
				CLANG_WARN_INFINITE_RECURSION = YES;
				CLANG_WARN_INT_CONVERSION = YES;
				CLANG_WARN_NON_LITERAL_NULL_CONVERSION = YES;
				CLANG_WARN_OBJC_IMPLICIT_RETAIN_SELF = YES;
				CLANG_WARN_OBJC_LITERAL_CONVERSION = YES;
				CLANG_WARN_OBJC_ROOT_CLASS = YES_ERROR;
				CLANG_WARN_QUOTED_INCLUDE_IN_FRAMEWORK_HEADER = YES;
				CLANG_WARN_RANGE_LOOP_ANALYSIS = YES;
				CLANG_WARN_STRICT_PROTOTYPES = YES;
				CLANG_WARN_SUSPICIOUS_MOVE = YES;
				CLANG_WARN_UNGUARDED_AVAILABILITY = YES_AGGRESSIVE;
				CLANG_WARN_UNREACHABLE_CODE = YES;
				CLANG_WARN__DUPLICATE_METHOD_MATCH = YES;
				COPY_PHASE_STRIP = NO;
				DEBUG_INFORMATION_FORMAT = "dwarf-with-dsym";
				ENABLE_NS_ASSERTIONS = NO;
				ENABLE_STRICT_OBJC_MSGSEND = YES;
				GCC_C_LANGUAGE_STANDARD = gnu11;
				GCC_NO_COMMON_BLOCKS = YES;
				GCC_WARN_64_TO_32_BIT_CONVERSION = YES;
				GCC_WARN_ABOUT_RETURN_TYPE = YES_ERROR;
				GCC_WARN_UNDECLARED_SELECTOR = YES;
				GCC_WARN_UNINITIALIZED_AUTOS = YES_AGGRESSIVE;
				GCC_WARN_UNUSED_FUNCTION = YES;
				GCC_WARN_UNUSED_VARIABLE = YES;
				IPHONEOS_DEPLOYMENT_TARGET = 14.0;
				MTL_ENABLE_DEBUG_INFO = NO;
				MTL_FAST_MATH = YES;
				SDKROOT = iphoneos;
				SWIFT_COMPILATION_MODE = wholemodule;
				SWIFT_OPTIMIZATION_LEVEL = "-O";
				VALIDATE_PRODUCT = YES;
			};
			name = Release;
		};
		0AD995652544CF5A006416A1 /* Debug */ = {
			isa = XCBuildConfiguration;
			buildSettings = {
				ASSETCATALOG_COMPILER_APPICON_NAME = AppIcon;
				ASSETCATALOG_COMPILER_GLOBAL_ACCENT_COLOR_NAME = AccentColor;
				CODE_SIGN_STYLE = Automatic;
				DEVELOPMENT_TEAM = X6H8YWVCJ7;
				INFOPLIST_FILE = Contacts/Info.plist;
				LD_RUNPATH_SEARCH_PATHS = (
					"$(inherited)",
					"@executable_path/Frameworks",
				);
				PRODUCT_BUNDLE_IDENTIFIER = ios.rustem.Contacts;
				PRODUCT_NAME = "$(TARGET_NAME)";
				SWIFT_VERSION = 5.0;
				TARGETED_DEVICE_FAMILY = "1,2";
			};
			name = Debug;
		};
		0AD995662544CF5A006416A1 /* Release */ = {
			isa = XCBuildConfiguration;
			buildSettings = {
				ASSETCATALOG_COMPILER_APPICON_NAME = AppIcon;
				ASSETCATALOG_COMPILER_GLOBAL_ACCENT_COLOR_NAME = AccentColor;
				CODE_SIGN_STYLE = Automatic;
				DEVELOPMENT_TEAM = X6H8YWVCJ7;
				INFOPLIST_FILE = Contacts/Info.plist;
				LD_RUNPATH_SEARCH_PATHS = (
					"$(inherited)",
					"@executable_path/Frameworks",
				);
				PRODUCT_BUNDLE_IDENTIFIER = ios.rustem.Contacts;
				PRODUCT_NAME = "$(TARGET_NAME)";
				SWIFT_VERSION = 5.0;
				TARGETED_DEVICE_FAMILY = "1,2";
			};
			name = Release;
		};
		0AD995682544CF5A006416A1 /* Debug */ = {
			isa = XCBuildConfiguration;
			buildSettings = {
				ALWAYS_EMBED_SWIFT_STANDARD_LIBRARIES = YES;
				BUNDLE_LOADER = "$(TEST_HOST)";
				CODE_SIGN_STYLE = Automatic;
				DEVELOPMENT_TEAM = X6H8YWVCJ7;
				INFOPLIST_FILE = ContactsTests/Info.plist;
				IPHONEOS_DEPLOYMENT_TARGET = 14.0;
				LD_RUNPATH_SEARCH_PATHS = (
					"$(inherited)",
					"@executable_path/Frameworks",
					"@loader_path/Frameworks",
				);
				PRODUCT_BUNDLE_IDENTIFIER = ios.ContactsTests;
				PRODUCT_NAME = "$(TARGET_NAME)";
				SWIFT_VERSION = 5.0;
				TARGETED_DEVICE_FAMILY = "1,2";
				TEST_HOST = "$(BUILT_PRODUCTS_DIR)/Contacts.app/Contacts";
			};
			name = Debug;
		};
		0AD995692544CF5A006416A1 /* Release */ = {
			isa = XCBuildConfiguration;
			buildSettings = {
				ALWAYS_EMBED_SWIFT_STANDARD_LIBRARIES = YES;
				BUNDLE_LOADER = "$(TEST_HOST)";
				CODE_SIGN_STYLE = Automatic;
				DEVELOPMENT_TEAM = X6H8YWVCJ7;
				INFOPLIST_FILE = ContactsTests/Info.plist;
				IPHONEOS_DEPLOYMENT_TARGET = 14.0;
				LD_RUNPATH_SEARCH_PATHS = (
					"$(inherited)",
					"@executable_path/Frameworks",
					"@loader_path/Frameworks",
				);
				PRODUCT_BUNDLE_IDENTIFIER = ios.ContactsTests;
				PRODUCT_NAME = "$(TARGET_NAME)";
				SWIFT_VERSION = 5.0;
				TARGETED_DEVICE_FAMILY = "1,2";
				TEST_HOST = "$(BUILT_PRODUCTS_DIR)/Contacts.app/Contacts";
			};
			name = Release;
		};
		0AD9956B2544CF5A006416A1 /* Debug */ = {
			isa = XCBuildConfiguration;
			buildSettings = {
				ALWAYS_EMBED_SWIFT_STANDARD_LIBRARIES = YES;
				CODE_SIGN_STYLE = Automatic;
				DEVELOPMENT_TEAM = X6H8YWVCJ7;
				INFOPLIST_FILE = ContactsUITests/Info.plist;
				LD_RUNPATH_SEARCH_PATHS = (
					"$(inherited)",
					"@executable_path/Frameworks",
					"@loader_path/Frameworks",
				);
				PRODUCT_BUNDLE_IDENTIFIER = ios.ContactsUITests;
				PRODUCT_NAME = "$(TARGET_NAME)";
				SWIFT_VERSION = 5.0;
				TARGETED_DEVICE_FAMILY = "1,2";
				TEST_TARGET_NAME = Contacts;
			};
			name = Debug;
		};
		0AD9956C2544CF5A006416A1 /* Release */ = {
			isa = XCBuildConfiguration;
			buildSettings = {
				ALWAYS_EMBED_SWIFT_STANDARD_LIBRARIES = YES;
				CODE_SIGN_STYLE = Automatic;
				DEVELOPMENT_TEAM = X6H8YWVCJ7;
				INFOPLIST_FILE = ContactsUITests/Info.plist;
				LD_RUNPATH_SEARCH_PATHS = (
					"$(inherited)",
					"@executable_path/Frameworks",
					"@loader_path/Frameworks",
				);
				PRODUCT_BUNDLE_IDENTIFIER = ios.ContactsUITests;
				PRODUCT_NAME = "$(TARGET_NAME)";
				SWIFT_VERSION = 5.0;
				TARGETED_DEVICE_FAMILY = "1,2";
				TEST_TARGET_NAME = Contacts;
			};
			name = Release;
		};
/* End XCBuildConfiguration section */

/* Begin XCConfigurationList section */
		0AD995352544CF58006416A1 /* Build configuration list for PBXProject "Contacts" */ = {
			isa = XCConfigurationList;
			buildConfigurations = (
				0AD995622544CF5A006416A1 /* Debug */,
				0AD995632544CF5A006416A1 /* Release */,
			);
			defaultConfigurationIsVisible = 0;
			defaultConfigurationName = Release;
		};
		0AD995642544CF5A006416A1 /* Build configuration list for PBXNativeTarget "Contacts" */ = {
			isa = XCConfigurationList;
			buildConfigurations = (
				0AD995652544CF5A006416A1 /* Debug */,
				0AD995662544CF5A006416A1 /* Release */,
			);
			defaultConfigurationIsVisible = 0;
			defaultConfigurationName = Release;
		};
		0AD995672544CF5A006416A1 /* Build configuration list for PBXNativeTarget "ContactsTests" */ = {
			isa = XCConfigurationList;
			buildConfigurations = (
				0AD995682544CF5A006416A1 /* Debug */,
				0AD995692544CF5A006416A1 /* Release */,
			);
			defaultConfigurationIsVisible = 0;
			defaultConfigurationName = Release;
		};
		0AD9956A2544CF5A006416A1 /* Build configuration list for PBXNativeTarget "ContactsUITests" */ = {
			isa = XCConfigurationList;
			buildConfigurations = (
				0AD9956B2544CF5A006416A1 /* Debug */,
				0AD9956C2544CF5A006416A1 /* Release */,
			);
			defaultConfigurationIsVisible = 0;
			defaultConfigurationName = Release;
		};
/* End XCConfigurationList section */
	};
	rootObject = 0AD995322544CF58006416A1 /* Project object */;
}
